// !$*UTF8*$!
{
	archiveVersion = 1;
	classes = {
	};
	objectVersion = 50;
	objects = {

/* Begin PBXBuildFile section */
		0509682B2461434800664AB5 /* AppDelegate.swift in Sources */ = {isa = PBXBuildFile; fileRef = 0509682A2461434800664AB5 /* AppDelegate.swift */; };
		0509682D2461434800664AB5 /* SceneDelegate.swift in Sources */ = {isa = PBXBuildFile; fileRef = 0509682C2461434800664AB5 /* SceneDelegate.swift */; };
		0509682F2461434800664AB5 /* WelcomeViewController.swift in Sources */ = {isa = PBXBuildFile; fileRef = 0509682E2461434800664AB5 /* WelcomeViewController.swift */; };
		050968322461434800664AB5 /* Main.storyboard in Resources */ = {isa = PBXBuildFile; fileRef = 050968302461434800664AB5 /* Main.storyboard */; };
		050968342461434C00664AB5 /* Assets.xcassets in Resources */ = {isa = PBXBuildFile; fileRef = 050968332461434C00664AB5 /* Assets.xcassets */; };
		050968372461434C00664AB5 /* LaunchScreen.storyboard in Resources */ = {isa = PBXBuildFile; fileRef = 050968352461434C00664AB5 /* LaunchScreen.storyboard */; };
		0509684024614EFB00664AB5 /* BorderButton.swift in Sources */ = {isa = PBXBuildFile; fileRef = 0509683F24614EFA00664AB5 /* BorderButton.swift */; };
		05096844246300AA00664AB5 /* LeagueViewController.swift in Sources */ = {isa = PBXBuildFile; fileRef = 05096843246300AA00664AB5 /* LeagueViewController.swift */; };
		05096846246300BB00664AB5 /* SkillViewController.swift in Sources */ = {isa = PBXBuildFile; fileRef = 05096845246300BB00664AB5 /* SkillViewController.swift */; };
		0509684A24631B6500664AB5 /* Player.swift in Sources */ = {isa = PBXBuildFile; fileRef = 0509684924631B6500664AB5 /* Player.swift */; };
/* End PBXBuildFile section */

/* Begin PBXFileReference section */
		050968272461434800664AB5 /* app-swoosh.app */ = {isa = PBXFileReference; explicitFileType = wrapper.application; includeInIndex = 0; path = "app-swoosh.app"; sourceTree = BUILT_PRODUCTS_DIR; };
		0509682A2461434800664AB5 /* AppDelegate.swift */ = {isa = PBXFileReference; lastKnownFileType = sourcecode.swift; path = AppDelegate.swift; sourceTree = "<group>"; };
		0509682C2461434800664AB5 /* SceneDelegate.swift */ = {isa = PBXFileReference; lastKnownFileType = sourcecode.swift; path = SceneDelegate.swift; sourceTree = "<group>"; };
		0509682E2461434800664AB5 /* WelcomeViewController.swift */ = {isa = PBXFileReference; lastKnownFileType = sourcecode.swift; path = WelcomeViewController.swift; sourceTree = "<group>"; };
		050968312461434800664AB5 /* Base */ = {isa = PBXFileReference; lastKnownFileType = file.storyboard; name = Base; path = Base.lproj/Main.storyboard; sourceTree = "<group>"; };
		050968332461434C00664AB5 /* Assets.xcassets */ = {isa = PBXFileReference; lastKnownFileType = folder.assetcatalog; path = Assets.xcassets; sourceTree = "<group>"; };
		050968362461434C00664AB5 /* Base */ = {isa = PBXFileReference; lastKnownFileType = file.storyboard; name = Base; path = Base.lproj/LaunchScreen.storyboard; sourceTree = "<group>"; };
		050968382461434C00664AB5 /* Info.plist */ = {isa = PBXFileReference; lastKnownFileType = text.plist.xml; path = Info.plist; sourceTree = "<group>"; };
		0509683F24614EFA00664AB5 /* BorderButton.swift */ = {isa = PBXFileReference; lastKnownFileType = sourcecode.swift; path = BorderButton.swift; sourceTree = "<group>"; };
		05096843246300AA00664AB5 /* LeagueViewController.swift */ = {isa = PBXFileReference; lastKnownFileType = sourcecode.swift; path = LeagueViewController.swift; sourceTree = "<group>"; };
		05096845246300BB00664AB5 /* SkillViewController.swift */ = {isa = PBXFileReference; lastKnownFileType = sourcecode.swift; path = SkillViewController.swift; sourceTree = "<group>"; };
		0509684924631B6500664AB5 /* Player.swift */ = {isa = PBXFileReference; lastKnownFileType = sourcecode.swift; path = Player.swift; sourceTree = "<group>"; };
/* End PBXFileReference section */

/* Begin PBXFrameworksBuildPhase section */
		050968242461434800664AB5 /* Frameworks */ = {
			isa = PBXFrameworksBuildPhase;
			buildActionMask = 2147483647;
			files = (
			);
			runOnlyForDeploymentPostprocessing = 0;
		};
/* End PBXFrameworksBuildPhase section */

/* Begin PBXGroup section */
		0509681E2461434800664AB5 = {
			isa = PBXGroup;
			children = (
				050968292461434800664AB5 /* app-swoosh */,
				050968282461434800664AB5 /* Products */,
			);
			sourceTree = "<group>";
		};
		050968282461434800664AB5 /* Products */ = {
			isa = PBXGroup;
			children = (
				050968272461434800664AB5 /* app-swoosh.app */,
			);
			name = Products;
			sourceTree = "<group>";
		};
		050968292461434800664AB5 /* app-swoosh */ = {
			isa = PBXGroup;
			children = (
				050968422462FDF200664AB5 /* Model */,
				050968412462FDE400664AB5 /* Controller */,
				0509683E24614E8500664AB5 /* View */,
				0509682A2461434800664AB5 /* AppDelegate.swift */,
				0509682C2461434800664AB5 /* SceneDelegate.swift */,
				050968302461434800664AB5 /* Main.storyboard */,
				050968332461434C00664AB5 /* Assets.xcassets */,
				050968352461434C00664AB5 /* LaunchScreen.storyboard */,
				050968382461434C00664AB5 /* Info.plist */,
			);
			path = "app-swoosh";
			sourceTree = "<group>";
		};
		0509683E24614E8500664AB5 /* View */ = {
			isa = PBXGroup;
			children = (
				0509683F24614EFA00664AB5 /* BorderButton.swift */,
			);
			path = View;
			sourceTree = "<group>";
		};
		050968412462FDE400664AB5 /* Controller */ = {
			isa = PBXGroup;
			children = (
				0509682E2461434800664AB5 /* WelcomeViewController.swift */,
				05096843246300AA00664AB5 /* LeagueViewController.swift */,
				05096845246300BB00664AB5 /* SkillViewController.swift */,
			);
			path = Controller;
			sourceTree = "<group>";
		};
		050968422462FDF200664AB5 /* Model */ = {
			isa = PBXGroup;
			children = (
				0509684924631B6500664AB5 /* Player.swift */,
			);
			path = Model;
			sourceTree = "<group>";
		};
/* End PBXGroup section */

/* Begin PBXNativeTarget section */
		050968262461434800664AB5 /* app-swoosh */ = {
			isa = PBXNativeTarget;
			buildConfigurationList = 0509683B2461434D00664AB5 /* Build configuration list for PBXNativeTarget "app-swoosh" */;
			buildPhases = (
				050968232461434800664AB5 /* Sources */,
				050968242461434800664AB5 /* Frameworks */,
				050968252461434800664AB5 /* Resources */,
			);
			buildRules = (
			);
			dependencies = (
			);
			name = "app-swoosh";
			productName = "app-swoosh";
			productReference = 050968272461434800664AB5 /* app-swoosh.app */;
			productType = "com.apple.product-type.application";
		};
/* End PBXNativeTarget section */

/* Begin PBXProject section */
		0509681F2461434800664AB5 /* Project object */ = {
			isa = PBXProject;
			attributes = {
				LastSwiftUpdateCheck = 1140;
				LastUpgradeCheck = 1140;
				ORGANIZATIONNAME = "Samsad CV";
				TargetAttributes = {
					050968262461434800664AB5 = {
						CreatedOnToolsVersion = 11.4.1;
					};
				};
			};
			buildConfigurationList = 050968222461434800664AB5 /* Build configuration list for PBXProject "app-swoosh" */;
			compatibilityVersion = "Xcode 9.3";
			developmentRegion = en;
			hasScannedForEncodings = 0;
			knownRegions = (
				en,
				Base,
			);
			mainGroup = 0509681E2461434800664AB5;
			productRefGroup = 050968282461434800664AB5 /* Products */;
			projectDirPath = "";
			projectRoot = "";
			targets = (
				050968262461434800664AB5 /* app-swoosh */,
			);
		};
/* End PBXProject section */

/* Begin PBXResourcesBuildPhase section */
		050968252461434800664AB5 /* Resources */ = {
			isa = PBXResourcesBuildPhase;
			buildActionMask = 2147483647;
			files = (
				050968372461434C00664AB5 /* LaunchScreen.storyboard in Resources */,
				050968342461434C00664AB5 /* Assets.xcassets in Resources */,
				050968322461434800664AB5 /* Main.storyboard in Resources */,
			);
			runOnlyForDeploymentPostprocessing = 0;
		};
/* End PBXResourcesBuildPhase section */

/* Begin PBXSourcesBuildPhase section */
		050968232461434800664AB5 /* Sources */ = {
			isa = PBXSourcesBuildPhase;
			buildActionMask = 2147483647;
			files = (
				0509682F2461434800664AB5 /* WelcomeViewController.swift in Sources */,
				0509682B2461434800664AB5 /* AppDelegate.swift in Sources */,
				0509682D2461434800664AB5 /* SceneDelegate.swift in Sources */,
				05096844246300AA00664AB5 /* LeagueViewController.swift in Sources */,
				0509684A24631B6500664AB5 /* Player.swift in Sources */,
				05096846246300BB00664AB5 /* SkillViewController.swift in Sources */,
				0509684024614EFB00664AB5 /* BorderButton.swift in Sources */,
			);
			runOnlyForDeploymentPostprocessing = 0;
		};
/* End PBXSourcesBuildPhase section */

/* Begin PBXVariantGroup section */
		050968302461434800664AB5 /* Main.storyboard */ = {
			isa = PBXVariantGroup;
			children = (
				050968312461434800664AB5 /* Base */,
			);
			name = Main.storyboard;
			sourceTree = "<group>";
		};
		050968352461434C00664AB5 /* LaunchScreen.storyboard */ = {
			isa = PBXVariantGroup;
			children = (
				050968362461434C00664AB5 /* Base */,
			);
			name = LaunchScreen.storyboard;
			sourceTree = "<group>";
		};
/* End PBXVariantGroup section */

/* Begin XCBuildConfiguration section */
		050968392461434C00664AB5 /* Debug */ = {
			isa = XCBuildConfiguration;
			buildSettings = {
				ALWAYS_SEARCH_USER_PATHS = NO;
				CLANG_ANALYZER_NONNULL = YES;
				CLANG_ANALYZER_NUMBER_OBJECT_CONVERSION = YES_AGGRESSIVE;
				CLANG_CXX_LANGUAGE_STANDARD = "gnu++14";
				CLANG_CXX_LIBRARY = "libc++";
				CLANG_ENABLE_MODULES = YES;
				CLANG_ENABLE_OBJC_ARC = YES;
				CLANG_ENABLE_OBJC_WEAK = YES;
				CLANG_WARN_BLOCK_CAPTURE_AUTORELEASING = YES;
				CLANG_WARN_BOOL_CONVERSION = YES;
				CLANG_WARN_COMMA = YES;
				CLANG_WARN_CONSTANT_CONVERSION = YES;
				CLANG_WARN_DEPRECATED_OBJC_IMPLEMENTATIONS = YES;
				CLANG_WARN_DIRECT_OBJC_ISA_USAGE = YES_ERROR;
				CLANG_WARN_DOCUMENTATION_COMMENTS = YES;
				CLANG_WARN_EMPTY_BODY = YES;
				CLANG_WARN_ENUM_CONVERSION = YES;
				CLANG_WARN_INFINITE_RECURSION = YES;
				CLANG_WARN_INT_CONVERSION = YES;
				CLANG_WARN_NON_LITERAL_NULL_CONVERSION = YES;
				CLANG_WARN_OBJC_IMPLICIT_RETAIN_SELF = YES;
				CLANG_WARN_OBJC_LITERAL_CONVERSION = YES;
				CLANG_WARN_OBJC_ROOT_CLASS = YES_ERROR;
				CLANG_WARN_RANGE_LOOP_ANALYSIS = YES;
				CLANG_WARN_STRICT_PROTOTYPES = YES;
				CLANG_WARN_SUSPICIOUS_MOVE = YES;
				CLANG_WARN_UNGUARDED_AVAILABILITY = YES_AGGRESSIVE;
				CLANG_WARN_UNREACHABLE_CODE = YES;
				CLANG_WARN__DUPLICATE_METHOD_MATCH = YES;
				COPY_PHASE_STRIP = NO;
				DEBUG_INFORMATION_FORMAT = dwarf;
				ENABLE_STRICT_OBJC_MSGSEND = YES;
				ENABLE_TESTABILITY = YES;
				GCC_C_LANGUAGE_STANDARD = gnu11;
				GCC_DYNAMIC_NO_PIC = NO;
				GCC_NO_COMMON_BLOCKS = YES;
				GCC_OPTIMIZATION_LEVEL = 0;
				GCC_PREPROCESSOR_DEFINITIONS = (
					"DEBUG=1",
					"$(inherited)",
				);
				GCC_WARN_64_TO_32_BIT_CONVERSION = YES;
				GCC_WARN_ABOUT_RETURN_TYPE = YES_ERROR;
				GCC_WARN_UNDECLARED_SELECTOR = YES;
				GCC_WARN_UNINITIALIZED_AUTOS = YES_AGGRESSIVE;
				GCC_WARN_UNUSED_FUNCTION = YES;
				GCC_WARN_UNUSED_VARIABLE = YES;
				IPHONEOS_DEPLOYMENT_TARGET = 13.4;
				MTL_ENABLE_DEBUG_INFO = INCLUDE_SOURCE;
				MTL_FAST_MATH = YES;
				ONLY_ACTIVE_ARCH = YES;
				SDKROOT = iphoneos;
				SWIFT_ACTIVE_COMPILATION_CONDITIONS = DEBUG;
				SWIFT_OPTIMIZATION_LEVEL = "-Onone";
			};
			name = Debug;
		};
		0509683A2461434C00664AB5 /* Release */ = {
			isa = XCBuildConfiguration;
			buildSettings = {
				ALWAYS_SEARCH_USER_PATHS = NO;
				CLANG_ANALYZER_NONNULL = YES;
				CLANG_ANALYZER_NUMBER_OBJECT_CONVERSION = YES_AGGRESSIVE;
				CLANG_CXX_LANGUAGE_STANDARD = "gnu++14";
				CLANG_CXX_LIBRARY = "libc++";
				CLANG_ENABLE_MODULES = YES;
				CLANG_ENABLE_OBJC_ARC = YES;
				CLANG_ENABLE_OBJC_WEAK = YES;
				CLANG_WARN_BLOCK_CAPTURE_AUTORELEASING = YES;
				CLANG_WARN_BOOL_CONVERSION = YES;
				CLANG_WARN_COMMA = YES;
				CLANG_WARN_CONSTANT_CONVERSION = YES;
				CLANG_WARN_DEPRECATED_OBJC_IMPLEMENTATIONS = YES;
				CLANG_WARN_DIRECT_OBJC_ISA_USAGE = YES_ERROR;
				CLANG_WARN_DOCUMENTATION_COMMENTS = YES;
				CLANG_WARN_EMPTY_BODY = YES;
				CLANG_WARN_ENUM_CONVERSION = YES;
				CLANG_WARN_INFINITE_RECURSION = YES;
				CLANG_WARN_INT_CONVERSION = YES;
				CLANG_WARN_NON_LITERAL_NULL_CONVERSION = YES;
				CLANG_WARN_OBJC_IMPLICIT_RETAIN_SELF = YES;
				CLANG_WARN_OBJC_LITERAL_CONVERSION = YES;
				CLANG_WARN_OBJC_ROOT_CLASS = YES_ERROR;
				CLANG_WARN_RANGE_LOOP_ANALYSIS = YES;
				CLANG_WARN_STRICT_PROTOTYPES = YES;
				CLANG_WARN_SUSPICIOUS_MOVE = YES;
				CLANG_WARN_UNGUARDED_AVAILABILITY = YES_AGGRESSIVE;
				CLANG_WARN_UNREACHABLE_CODE = YES;
				CLANG_WARN__DUPLICATE_METHOD_MATCH = YES;
				COPY_PHASE_STRIP = NO;
				DEBUG_INFORMATION_FORMAT = "dwarf-with-dsym";
				ENABLE_NS_ASSERTIONS = NO;
				ENABLE_STRICT_OBJC_MSGSEND = YES;
				GCC_C_LANGUAGE_STANDARD = gnu11;
				GCC_NO_COMMON_BLOCKS = YES;
				GCC_WARN_64_TO_32_BIT_CONVERSION = YES;
				GCC_WARN_ABOUT_RETURN_TYPE = YES_ERROR;
				GCC_WARN_UNDECLARED_SELECTOR = YES;
				GCC_WARN_UNINITIALIZED_AUTOS = YES_AGGRESSIVE;
				GCC_WARN_UNUSED_FUNCTION = YES;
				GCC_WARN_UNUSED_VARIABLE = YES;
				IPHONEOS_DEPLOYMENT_TARGET = 13.4;
				MTL_ENABLE_DEBUG_INFO = NO;
				MTL_FAST_MATH = YES;
				SDKROOT = iphoneos;
				SWIFT_COMPILATION_MODE = wholemodule;
				SWIFT_OPTIMIZATION_LEVEL = "-O";
				VALIDATE_PRODUCT = YES;
			};
			name = Release;
		};
		0509683C2461434D00664AB5 /* Debug */ = {
			isa = XCBuildConfiguration;
			buildSettings = {
				ASSETCATALOG_COMPILER_APPICON_NAME = AppIcon;
				CODE_SIGN_STYLE = Automatic;
				DEVELOPMENT_TEAM = 9A5F4368G4;
				INFOPLIST_FILE = "app-swoosh/Info.plist";
				LD_RUNPATH_SEARCH_PATHS = (
					"$(inherited)",
					"@executable_path/Frameworks",
				);
				PRODUCT_BUNDLE_IDENTIFIER = "com.samsad.app-swoosh";
				PRODUCT_NAME = "$(TARGET_NAME)";
				SWIFT_VERSION = 5.0;
				TARGETED_DEVICE_FAMILY = "1,2";
			};
			name = Debug;
		};
		0509683D2461434D00664AB5 /* Release */ = {
			isa = XCBuildConfiguration;
			buildSettings = {
				ASSETCATALOG_COMPILER_APPICON_NAME = AppIcon;
				CODE_SIGN_STYLE = Automatic;
				DEVELOPMENT_TEAM = 9A5F4368G4;
				INFOPLIST_FILE = "app-swoosh/Info.plist";
				LD_RUNPATH_SEARCH_PATHS = (
					"$(inherited)",
					"@executable_path/Frameworks",
				);
				PRODUCT_BUNDLE_IDENTIFIER = "com.samsad.app-swoosh";
				PRODUCT_NAME = "$(TARGET_NAME)";
				SWIFT_VERSION = 5.0;
				TARGETED_DEVICE_FAMILY = "1,2";
			};
			name = Release;
		};
/* End XCBuildConfiguration section */

/* Begin XCConfigurationList section */
		050968222461434800664AB5 /* Build configuration list for PBXProject "app-swoosh" */ = {
			isa = XCConfigurationList;
			buildConfigurations = (
				050968392461434C00664AB5 /* Debug */,
				0509683A2461434C00664AB5 /* Release */,
			);
			defaultConfigurationIsVisible = 0;
			defaultConfigurationName = Release;
		};
		0509683B2461434D00664AB5 /* Build configuration list for PBXNativeTarget "app-swoosh" */ = {
			isa = XCConfigurationList;
			buildConfigurations = (
				0509683C2461434D00664AB5 /* Debug */,
				0509683D2461434D00664AB5 /* Release */,
			);
			defaultConfigurationIsVisible = 0;
			defaultConfigurationName = Release;
		};
/* End XCConfigurationList section */
	};
	rootObject = 0509681F2461434800664AB5 /* Project object */;
}
